
Microsoft Visual Studio Solution File, Format Version 12.00
# Visual Studio Version 17
VisualStudioVersion = 17.12.0.0
MinimumVisualStudioVersion = 10.0.40219.1
Project("{2150E333-8FDC-42A3-9474-1A3956D46DE8}") = "src", "src", "{A0000001-0000-0000-0000-000000000001}"
EndProject
Project("{2150E333-8FDC-42A3-9474-1A3956D46DE8}") = "tests", "tests", "{A0000002-0000-0000-0000-000000000002}"
EndProject
Project("{FAE04EC0-301F-11D3-BF4B-00C04F79EFBC}") = "Cascade.UI", "src\Cascade.UI\Cascade.UI.csproj", "{B0000001-0000-0000-0000-000000000001}"
EndProject
Project("{FAE04EC0-301F-11D3-BF4B-00C04F79EFBC}") = "Cascade.Generators", "src\Cascade.Generators\Cascade.Generators.csproj", "{B0000002-0000-0000-0000-000000000002}"
EndProject
Project("{FAE04EC0-301F-11D3-BF4B-00C04F79EFBC}") = "Cascade.UI.Testing", "src\Cascade.UI.Testing\Cascade.UI.Testing.csproj", "{B0000004-0000-0000-0000-000000000004}"
EndProject
Project("{FAE04EC0-301F-11D3-BF4B-00C04F79EFBC}") = "Cascade.UI.Templates", "src\Cascade.UI.Templates\Cascade.UI.Templates.csproj", "{B0000005-0000-0000-0000-000000000005}"
EndProject
Project("{FAE04EC0-301F-11D3-BF4B-00C04F79EFBC}") = "Cascade.UI.Tools", "src\Cascade.UI.Tools\Cascade.UI.Tools.csproj", "{B0000006-0000-0000-0000-000000000006}"
EndProject
Project("{FAE04EC0-301F-11D3-BF4B-00C04F79EFBC}") = "Cascade.UI.Tests", "tests\Cascade.UI.Tests\Cascade.UI.Tests.csproj", "{C0000001-0000-0000-0000-000000000001}"
EndProject
Project("{FAE04EC0-301F-11D3-BF4B-00C04F79EFBC}") = "Cascade.Generators.Tests", "tests\Cascade.Generators.Tests\Cascade.Generators.Tests.csproj", "{C0000002-0000-0000-0000-000000000002}"
EndProject
Project("{FAE04EC0-301F-11D3-BF4B-00C04F79EFBC}") = "Cascade.UI.Integration", "tests\Cascade.UI.Integration\Cascade.UI.Integration.csproj", "{C0000003-0000-0000-0000-000000000003}"
EndProject
Project("{2150E333-8FDC-42A3-9474-1A3956D46DE8}") = "tools", "tools", "{07C2787E-EAC7-C090-1BA3-A61EC2A24D84}"
EndProject
Project("{2150E333-8FDC-42A3-9474-1A3956D46DE8}") = "perf-drift", "perf-drift", "{7C820182-FFCA-3F91-5563-44217A2D0CA9}"
EndProject
Project("{FAE04EC0-301F-11D3-BF4B-00C04F79EFBC}") = "PerfDrift", "tools\perf-drift\PerfDrift.csproj", "{2A7C28C7-7D96-4757-BEF0-91C8A53BF1C4}"
EndProject
Project("{FAE04EC0-301F-11D3-BF4B-00C04F79EFBC}") = "SnapshotDiff", "tools\snapshot-diff\SnapshotDiff.csproj", "{0122D792-5D10-45CE-9825-B7E6B7D497A6}"
EndProject
Project("{FAE04EC0-301F-11D3-BF4B-00C04F79EFBC}") = "ChangelogGen", "tools\changelog-gen\ChangelogGen.csproj", "{9C5FC4A0-7B71-4280-A582-22659178B46B}"
EndProject
Project("{FAE04EC0-301F-11D3-BF4B-00C04F79EFBC}") = "Cascade.UI.Installer", "src\Cascade.UI.Installer\Cascade.UI.Installer.csproj", "{C077862F-4AF0-49E7-AA7A-F9366C70C439}"
EndProject
Project("{FAE04EC0-301F-11D3-BF4B-00C04F79EFBC}") = "Cascade.IDE.Shared", "src\Cascade.IDE.Shared\Cascade.IDE.Shared.csproj", "{12EF1F09-8927-41C6-B61C-A80FF3EE6748}"
EndProject
Project("{2150E333-8FDC-42A3-9474-1A3956D46DE8}") = "examples", "examples", "{B36A84DF-456D-A817-6EDD-3EC3E7F6E11F}"
EndProject
Project("{FAE04EC0-301F-11D3-BF4B-00C04F79EFBC}") = "HelloCascade", "examples\HelloCascade\HelloCascade.csproj", "{45DFFF31-9D6D-4FEC-9FDE-A8951EFFC69B}"
EndProject
Project("{FAE04EC0-301F-11D3-BF4B-00C04F79EFBC}") = "AccountingParser", "examples\AccountingParser\AccountingParser.csproj", "{D9752178-C7D2-41B9-AE9F-26622E094513}"
EndProject
Project("{FAE04EC0-301F-11D3-BF4B-00C04F79EFBC}") = "AnalyticsDashboard", "examples\AnalyticsDashboard\AnalyticsDashboard.csproj", "{2C75BB0F-D373-48FC-953A-A8CAE8A49FCE}"
EndProject
Project("{FAE04EC0-301F-11D3-BF4B-00C04F79EFBC}") = "DocumentBrowser", "examples\DocumentBrowser\DocumentBrowser.csproj", "{75749DDB-2BF1-4E3D-B3C9-BED613A2A926}"
EndProject
Project("{FAE04EC0-301F-11D3-BF4B-00C04F79EFBC}") = "EnergyOrbs", "examples\EnergyOrbs\EnergyOrbs.csproj", "{807ADD4D-6A6F-470C-A8B1-4F42B28843BA}"
EndProject
Project("{FAE04EC0-301F-11D3-BF4B-00C04F79EFBC}") = "EventScheduler", "examples\EventScheduler\EventScheduler.csproj", "{4B4A554C-E79E-4054-A94E-F1FA1AB6A48F}"
EndProject
Project("{FAE04EC0-301F-11D3-BF4B-00C04F79EFBC}") = "HeroNav", "examples\HeroNav\HeroNav.csproj", "{D60E231E-B77F-4597-B029-667513394462}"
EndProject
Project("{FAE04EC0-301F-11D3-BF4B-00C04F79EFBC}") = "InvoiceEditor", "examples\InvoiceEditor\InvoiceEditor.csproj", "{BF78E6AE-B0E9-4149-99EA-8CF8684E65B6}"
EndProject
Project("{FAE04EC0-301F-11D3-BF4B-00C04F79EFBC}") = "KanbanBoard", "examples\KanbanBoard\KanbanBoard.csproj", "{9C0E8FF2-6E57-4D59-BB99-3D97E8005DBA}"
EndProject
Project("{FAE04EC0-301F-11D3-BF4B-00C04F79EFBC}") = "LoadingScreen", "examples\LoadingScreen\LoadingScreen.csproj", "{721009A3-0F16-497F-B8E2-CD719E1084C1}"
EndProject
Project("{FAE04EC0-301F-11D3-BF4B-00C04F79EFBC}") = "MailShell", "examples\MailShell\MailShell.csproj", "{FEA985B0-CF2F-4BC8-8819-9F2FA587CA73}"
EndProject
Project("{FAE04EC0-301F-11D3-BF4B-00C04F79EFBC}") = "NavTransitions", "examples\NavTransitions\NavTransitions.csproj", "{C5B85860-6A3D-4A51-8682-AA056F78ACC2}"
EndProject
Project("{FAE04EC0-301F-11D3-BF4B-00C04F79EFBC}") = "NewUserForm", "examples\NewUserForm\NewUserForm.csproj", "{6BAE4D46-1A05-4233-A5FD-DDF4D0AAE6B1}"
EndProject
Project("{FAE04EC0-301F-11D3-BF4B-00C04F79EFBC}") = "NoteEditor", "examples\NoteEditor\NoteEditor.csproj", "{EEA9D273-0142-4313-9877-1494BDB9E90B}"
EndProject
Project("{FAE04EC0-301F-11D3-BF4B-00C04F79EFBC}") = "OnboardingWizard", "examples\OnboardingWizard\OnboardingWizard.csproj", "{F04E686C-F82A-424C-B2A0-8C4C6924E376}"
EndProject
Project("{FAE04EC0-301F-11D3-BF4B-00C04F79EFBC}") = "OrderConfirmation", "examples\OrderConfirmation\OrderConfirmation.csproj", "{FD4E11DD-0344-4680-AEA4-4143D0FCEC5E}"
EndProject
Project("{FAE04EC0-301F-11D3-BF4B-00C04F79EFBC}") = "ResponsiveMedia", "examples\ResponsiveMedia\ResponsiveMedia.csproj", "{F80135DB-127D-4C5F-8681-2CE34F31BD3D}"
EndProject
Project("{FAE04EC0-301F-11D3-BF4B-00C04F79EFBC}") = "Settings", "examples\Settings\Settings.csproj", "{458083DD-DFEE-4B87-BE59-4F294DADF758}"
EndProject
Project("{FAE04EC0-301F-11D3-BF4B-00C04F79EFBC}") = "Starfield", "examples\Starfield\Starfield.csproj", "{380927EC-AFE9-4836-8986-9F287CBB7233}"
EndProject
Project("{FAE04EC0-301F-11D3-BF4B-00C04F79EFBC}") = "TeamWorkspace", "examples\TeamWorkspace\TeamWorkspace.csproj", "{B782841C-20AF-4F4A-9A8A-DB810BD2D4F5}"
EndProject
Project("{FAE04EC0-301F-11D3-BF4B-00C04F79EFBC}") = "ThemeGallery", "examples\ThemeGallery\ThemeGallery.csproj", "{0911B007-2E7B-4662-B360-61DDCB72D88F}"
EndProject
Project("{FAE04EC0-301F-11D3-BF4B-00C04F79EFBC}") = "Cascade.UI.McpBridge", "src\Cascade.UI.McpBridge\Cascade.UI.McpBridge.csproj", "{A400D832-D7F4-4479-BB69-3FE28FAE99DE}"
EndProject
Project("{FAE04EC0-301F-11D3-BF4B-00C04F79EFBC}") = "Cascade.UI.WatchFixture", "tests\Cascade.UI.WatchFixture\Cascade.UI.WatchFixture.csproj", "{DE93F799-DB3C-40AF-A4F5-941D9F660862}"
EndProject
Project("{FAE04EC0-301F-11D3-BF4B-00C04F79EFBC}") = "Cascade.UI.McpBridge.Tests", "tests\Cascade.UI.McpBridge.Tests\Cascade.UI.McpBridge.Tests.csproj", "{49F30479-B4A8-486F-A217-9974A535801A}"
EndProject
Project("{FAE04EC0-301F-11D3-BF4B-00C04F79EFBC}") = "Cascade.UI.GoldenTextFixture", "tests\Cascade.UI.GoldenTextFixture\Cascade.UI.GoldenTextFixture.csproj", "{BEF2A91A-DEB7-4D8A-8BA3-DD7B805F14D3}"
EndProject
Project("{FAE04EC0-301F-11D3-BF4B-00C04F79EFBC}") = "Cascade.UI.GoldenText", "tests\Cascade.UI.GoldenText\Cascade.UI.GoldenText.csproj", "{7360B7D6-9E96-4CCB-91F6-3186F3186479}"
EndProject
Project("{FAE04EC0-301F-11D3-BF4B-00C04F79EFBC}") = "Cascade.UI.Updater.Core", "src\Cascade.UI.Updater.Core\Cascade.UI.Updater.Core.csproj", "{5B79BDC4-E295-4287-9722-4890B3D15146}"
EndProject
Project("{FAE04EC0-301F-11D3-BF4B-00C04F79EFBC}") = "Cascade.UI.Updater.Shim", "src\Cascade.UI.Updater.Shim\Cascade.UI.Updater.Shim.csproj", "{E1EB96CA-0543-420C-9EA2-91C727775BD1}"
EndProject
Project("{FAE04EC0-301F-11D3-BF4B-00C04F79EFBC}") = "Cascade.UI.Installer.Sqlite", "src\Cascade.UI.Installer.Sqlite\Cascade.UI.Installer.Sqlite.csproj", "{D4F2985A-C107-474B-BEB8-CCFA98454588}"
EndProject
Project("{FAE04EC0-301F-11D3-BF4B-00C04F79EFBC}") = "DataBinding", "examples\DataBinding\DataBinding.csproj", "{DA54E14E-D0F7-4FE2-AB9F-3678B3A66D2A}"
EndProject
Global
	GlobalSection(SolutionConfigurationPlatforms) = preSolution
		Debug|Any CPU = Debug|Any CPU
		Debug|x64 = Debug|x64
		Debug|x86 = Debug|x86
		Release|Any CPU = Release|Any CPU
		Release|x64 = Release|x64
		Release|x86 = Release|x86
	EndGlobalSection
	GlobalSection(ProjectConfigurationPlatforms) = postSolution
		{B0000001-0000-0000-0000-000000000001}.Debug|Any CPU.ActiveCfg = Debug|Any CPU
		{B0000001-0000-0000-0000-000000000001}.Debug|Any CPU.Build.0 = Debug|Any CPU
		{B0000001-0000-0000-0000-000000000001}.Debug|x64.ActiveCfg = Debug|Any CPU
		{B0000001-0000-0000-0000-000000000001}.Debug|x64.Build.0 = Debug|Any CPU
		{B0000001-0000-0000-0000-000000000001}.Debug|x86.ActiveCfg = Debug|Any CPU
		{B0000001-0000-0000-0000-000000000001}.Debug|x86.Build.0 = Debug|Any CPU
		{B0000001-0000-0000-0000-000000000001}.Release|Any CPU.ActiveCfg = Release|Any CPU
		{B0000001-0000-0000-0000-000000000001}.Release|Any CPU.Build.0 = Release|Any CPU
		{B0000001-0000-0000-0000-000000000001}.Release|x64.ActiveCfg = Release|Any CPU
		{B0000001-0000-0000-0000-000000000001}.Release|x64.Build.0 = Release|Any CPU
		{B0000001-0000-0000-0000-000000000001}.Release|x86.ActiveCfg = Release|Any CPU
		{B0000001-0000-0000-0000-000000000001}.Release|x86.Build.0 = Release|Any CPU
		{B0000002-0000-0000-0000-000000000002}.Debug|Any CPU.ActiveCfg = Debug|Any CPU
		{B0000002-0000-0000-0000-000000000002}.Debug|Any CPU.Build.0 = Debug|Any CPU
		{B0000002-0000-0000-0000-000000000002}.Debug|x64.ActiveCfg = Debug|Any CPU
		{B0000002-0000-0000-0000-000000000002}.Debug|x64.Build.0 = Debug|Any CPU
		{B0000002-0000-0000-0000-000000000002}.Debug|x86.ActiveCfg = Debug|Any CPU
		{B0000002-0000-0000-0000-000000000002}.Debug|x86.Build.0 = Debug|Any CPU
		{B0000002-0000-0000-0000-000000000002}.Release|Any CPU.ActiveCfg = Release|Any CPU
		{B0000002-0000-0000-0000-000000000002}.Release|Any CPU.Build.0 = Release|Any CPU
		{B0000002-0000-0000-0000-000000000002}.Release|x64.ActiveCfg = Release|Any CPU
		{B0000002-0000-0000-0000-000000000002}.Release|x64.Build.0 = Release|Any CPU
		{B0000002-0000-0000-0000-000000000002}.Release|x86.ActiveCfg = Release|Any CPU
		{B0000002-0000-0000-0000-000000000002}.Release|x86.Build.0 = Release|Any CPU
		{B0000004-0000-0000-0000-000000000004}.Debug|Any CPU.ActiveCfg = Debug|Any CPU
		{B0000004-0000-0000-0000-000000000004}.Debug|Any CPU.Build.0 = Debug|Any CPU
		{B0000004-0000-0000-0000-000000000004}.Debug|x64.ActiveCfg = Debug|Any CPU
		{B0000004-0000-0000-0000-000000000004}.Debug|x64.Build.0 = Debug|Any CPU
		{B0000004-0000-0000-0000-000000000004}.Debug|x86.ActiveCfg = Debug|Any CPU
		{B0000004-0000-0000-0000-000000000004}.Debug|x86.Build.0 = Debug|Any CPU
		{B0000004-0000-0000-0000-000000000004}.Release|Any CPU.ActiveCfg = Release|Any CPU
		{B0000004-0000-0000-0000-000000000004}.Release|Any CPU.Build.0 = Release|Any CPU
		{B0000004-0000-0000-0000-000000000004}.Release|x64.ActiveCfg = Release|Any CPU
		{B0000004-0000-0000-0000-000000000004}.Release|x64.Build.0 = Release|Any CPU
		{B0000004-0000-0000-0000-000000000004}.Release|x86.ActiveCfg = Release|Any CPU
		{B0000004-0000-0000-0000-000000000004}.Release|x86.Build.0 = Release|Any CPU
		{B0000005-0000-0000-0000-000000000005}.Debug|Any CPU.ActiveCfg = Debug|Any CPU
		{B0000005-0000-0000-0000-000000000005}.Debug|Any CPU.Build.0 = Debug|Any CPU
		{B0000005-0000-0000-0000-000000000005}.Debug|x64.ActiveCfg = Debug|Any CPU
		{B0000005-0000-0000-0000-000000000005}.Debug|x64.Build.0 = Debug|Any CPU
		{B0000005-0000-0000-0000-000000000005}.Debug|x86.ActiveCfg = Debug|Any CPU
		{B0000005-0000-0000-0000-000000000005}.Debug|x86.Build.0 = Debug|Any CPU
		{B0000005-0000-0000-0000-000000000005}.Release|Any CPU.ActiveCfg = Release|Any CPU
		{B0000005-0000-0000-0000-000000000005}.Release|Any CPU.Build.0 = Release|Any CPU
		{B0000005-0000-0000-0000-000000000005}.Release|x64.ActiveCfg = Release|Any CPU
		{B0000005-0000-0000-0000-000000000005}.Release|x64.Build.0 = Release|Any CPU
		{B0000005-0000-0000-0000-000000000005}.Release|x86.ActiveCfg = Release|Any CPU
		{B0000005-0000-0000-0000-000000000005}.Release|x86.Build.0 = Release|Any CPU
		{B0000006-0000-0000-0000-000000000006}.Debug|Any CPU.ActiveCfg = Debug|Any CPU
		{B0000006-0000-0000-0000-000000000006}.Debug|Any CPU.Build.0 = Debug|Any CPU
		{B0000006-0000-0000-0000-000000000006}.Debug|x64.ActiveCfg = Debug|Any CPU
		{B0000006-0000-0000-0000-000000000006}.Debug|x64.Build.0 = Debug|Any CPU
		{B0000006-0000-0000-0000-000000000006}.Debug|x86.ActiveCfg = Debug|Any CPU
		{B0000006-0000-0000-0000-000000000006}.Debug|x86.Build.0 = Debug|Any CPU
		{B0000006-0000-0000-0000-000000000006}.Release|Any CPU.ActiveCfg = Release|Any CPU
		{B0000006-0000-0000-0000-000000000006}.Release|Any CPU.Build.0 = Release|Any CPU
		{B0000006-0000-0000-0000-000000000006}.Release|x64.ActiveCfg = Release|Any CPU
		{B0000006-0000-0000-0000-000000000006}.Release|x64.Build.0 = Release|Any CPU
		{B0000006-0000-0000-0000-000000000006}.Release|x86.ActiveCfg = Release|Any CPU
		{B0000006-0000-0000-0000-000000000006}.Release|x86.Build.0 = Release|Any CPU
		{C0000001-0000-0000-0000-000000000001}.Debug|Any CPU.ActiveCfg = Debug|Any CPU
		{C0000001-0000-0000-0000-000000000001}.Debug|Any CPU.Build.0 = Debug|Any CPU
		{C0000001-0000-0000-0000-000000000001}.Debug|x64.ActiveCfg = Debug|Any CPU
		{C0000001-0000-0000-0000-000000000001}.Debug|x64.Build.0 = Debug|Any CPU
		{C0000001-0000-0000-0000-000000000001}.Debug|x86.ActiveCfg = Debug|Any CPU
		{C0000001-0000-0000-0000-000000000001}.Debug|x86.Build.0 = Debug|Any CPU
		{C0000001-0000-0000-0000-000000000001}.Release|Any CPU.ActiveCfg = Release|Any CPU
		{C0000001-0000-0000-0000-000000000001}.Release|Any CPU.Build.0 = Release|Any CPU
		{C0000001-0000-0000-0000-000000000001}.Release|x64.ActiveCfg = Release|Any CPU
		{C0000001-0000-0000-0000-000000000001}.Release|x64.Build.0 = Release|Any CPU
		{C0000001-0000-0000-0000-000000000001}.Release|x86.ActiveCfg = Release|Any CPU
		{C0000001-0000-0000-0000-000000000001}.Release|x86.Build.0 = Release|Any CPU
		{C0000002-0000-0000-0000-000000000002}.Debug|Any CPU.ActiveCfg = Debug|Any CPU
		{C0000002-0000-0000-0000-000000000002}.Debug|Any CPU.Build.0 = Debug|Any CPU
		{C0000002-0000-0000-0000-000000000002}.Debug|x64.ActiveCfg = Debug|Any CPU
		{C0000002-0000-0000-0000-000000000002}.Debug|x64.Build.0 = Debug|Any CPU
		{C0000002-0000-0000-0000-000000000002}.Debug|x86.ActiveCfg = Debug|Any CPU
		{C0000002-0000-0000-0000-000000000002}.Debug|x86.Build.0 = Debug|Any CPU
		{C0000002-0000-0000-0000-000000000002}.Release|Any CPU.ActiveCfg = Release|Any CPU
		{C0000002-0000-0000-0000-000000000002}.Release|Any CPU.Build.0 = Release|Any CPU
		{C0000002-0000-0000-0000-000000000002}.Release|x64.ActiveCfg = Release|Any CPU
		{C0000002-0000-0000-0000-000000000002}.Release|x64.Build.0 = Release|Any CPU
		{C0000002-0000-0000-0000-000000000002}.Release|x86.ActiveCfg = Release|Any CPU
		{C0000002-0000-0000-0000-000000000002}.Release|x86.Build.0 = Release|Any CPU
		{C0000003-0000-0000-0000-000000000003}.Debug|Any CPU.ActiveCfg = Debug|Any CPU
		{C0000003-0000-0000-0000-000000000003}.Debug|Any CPU.Build.0 = Debug|Any CPU
		{C0000003-0000-0000-0000-000000000003}.Debug|x64.ActiveCfg = Debug|Any CPU
		{C0000003-0000-0000-0000-000000000003}.Debug|x64.Build.0 = Debug|Any CPU
		{C0000003-0000-0000-0000-000000000003}.Debug|x86.ActiveCfg = Debug|Any CPU
		{C0000003-0000-0000-0000-000000000003}.Debug|x86.Build.0 = Debug|Any CPU
		{C0000003-0000-0000-0000-000000000003}.Release|Any CPU.ActiveCfg = Release|Any CPU
		{C0000003-0000-0000-0000-000000000003}.Release|Any CPU.Build.0 = Release|Any CPU
		{C0000003-0000-0000-0000-000000000003}.Release|x64.ActiveCfg = Release|Any CPU
		{C0000003-0000-0000-0000-000000000003}.Release|x64.Build.0 = Release|Any CPU
		{C0000003-0000-0000-0000-000000000003}.Release|x86.ActiveCfg = Release|Any CPU
		{C0000003-0000-0000-0000-000000000003}.Release|x86.Build.0 = Release|Any CPU
		{2A7C28C7-7D96-4757-BEF0-91C8A53BF1C4}.Debug|Any CPU.ActiveCfg = Debug|Any CPU
		{2A7C28C7-7D96-4757-BEF0-91C8A53BF1C4}.Debug|Any CPU.Build.0 = Debug|Any CPU
		{2A7C28C7-7D96-4757-BEF0-91C8A53BF1C4}.Debug|x64.ActiveCfg = Debug|Any CPU
		{2A7C28C7-7D96-4757-BEF0-91C8A53BF1C4}.Debug|x64.Build.0 = Debug|Any CPU
		{2A7C28C7-7D96-4757-BEF0-91C8A53BF1C4}.Debug|x86.ActiveCfg = Debug|Any CPU
		{2A7C28C7-7D96-4757-BEF0-91C8A53BF1C4}.Debug|x86.Build.0 = Debug|Any CPU
		{2A7C28C7-7D96-4757-BEF0-91C8A53BF1C4}.Release|Any CPU.ActiveCfg = Release|Any CPU
		{2A7C28C7-7D96-4757-BEF0-91C8A53BF1C4}.Release|Any CPU.Build.0 = Release|Any CPU
		{2A7C28C7-7D96-4757-BEF0-91C8A53BF1C4}.Release|x64.ActiveCfg = Release|Any CPU
		{2A7C28C7-7D96-4757-BEF0-91C8A53BF1C4}.Release|x64.Build.0 = Release|Any CPU
		{2A7C28C7-7D96-4757-BEF0-91C8A53BF1C4}.Release|x86.ActiveCfg = Release|Any CPU
		{2A7C28C7-7D96-4757-BEF0-91C8A53BF1C4}.Release|x86.Build.0 = Release|Any CPU
		{0122D792-5D10-45CE-9825-B7E6B7D497A6}.Debug|Any CPU.ActiveCfg = Debug|Any CPU
		{0122D792-5D10-45CE-9825-B7E6B7D497A6}.Debug|Any CPU.Build.0 = Debug|Any CPU
		{0122D792-5D10-45CE-9825-B7E6B7D497A6}.Debug|x64.ActiveCfg = Debug|Any CPU
		{0122D792-5D10-45CE-9825-B7E6B7D497A6}.Debug|x64.Build.0 = Debug|Any CPU
		{0122D792-5D10-45CE-9825-B7E6B7D497A6}.Debug|x86.ActiveCfg = Debug|Any CPU
		{0122D792-5D10-45CE-9825-B7E6B7D497A6}.Debug|x86.Build.0 = Debug|Any CPU
		{0122D792-5D10-45CE-9825-B7E6B7D497A6}.Release|Any CPU.ActiveCfg = Release|Any CPU
		{0122D792-5D10-45CE-9825-B7E6B7D497A6}.Release|Any CPU.Build.0 = Release|Any CPU
		{0122D792-5D10-45CE-9825-B7E6B7D497A6}.Release|x64.ActiveCfg = Release|Any CPU
		{0122D792-5D10-45CE-9825-B7E6B7D497A6}.Release|x64.Build.0 = Release|Any CPU
		{0122D792-5D10-45CE-9825-B7E6B7D497A6}.Release|x86.ActiveCfg = Release|Any CPU
		{0122D792-5D10-45CE-9825-B7E6B7D497A6}.Release|x86.Build.0 = Release|Any CPU
		{9C5FC4A0-7B71-4280-A582-22659178B46B}.Debug|Any CPU.ActiveCfg = Debug|Any CPU
		{9C5FC4A0-7B71-4280-A582-22659178B46B}.Debug|Any CPU.Build.0 = Debug|Any CPU
		{9C5FC4A0-7B71-4280-A582-22659178B46B}.Debug|x64.ActiveCfg = Debug|Any CPU
		{9C5FC4A0-7B71-4280-A582-22659178B46B}.Debug|x64.Build.0 = Debug|Any CPU
		{9C5FC4A0-7B71-4280-A582-22659178B46B}.Debug|x86.ActiveCfg = Debug|Any CPU
		{9C5FC4A0-7B71-4280-A582-22659178B46B}.Debug|x86.Build.0 = Debug|Any CPU
		{9C5FC4A0-7B71-4280-A582-22659178B46B}.Release|Any CPU.ActiveCfg = Release|Any CPU
		{9C5FC4A0-7B71-4280-A582-22659178B46B}.Release|Any CPU.Build.0 = Release|Any CPU
		{9C5FC4A0-7B71-4280-A582-22659178B46B}.Release|x64.ActiveCfg = Release|Any CPU
		{9C5FC4A0-7B71-4280-A582-22659178B46B}.Release|x64.Build.0 = Release|Any CPU
		{9C5FC4A0-7B71-4280-A582-22659178B46B}.Release|x86.ActiveCfg = Release|Any CPU
		{9C5FC4A0-7B71-4280-A582-22659178B46B}.Release|x86.Build.0 = Release|Any CPU
		{C077862F-4AF0-49E7-AA7A-F9366C70C439}.Debug|Any CPU.ActiveCfg = Debug|Any CPU
		{C077862F-4AF0-49E7-AA7A-F9366C70C439}.Debug|Any CPU.Build.0 = Debug|Any CPU
		{C077862F-4AF0-49E7-AA7A-F9366C70C439}.Debug|x64.ActiveCfg = Debug|Any CPU
		{C077862F-4AF0-49E7-AA7A-F9366C70C439}.Debug|x64.Build.0 = Debug|Any CPU
		{C077862F-4AF0-49E7-AA7A-F9366C70C439}.Debug|x86.ActiveCfg = Debug|Any CPU
		{C077862F-4AF0-49E7-AA7A-F9366C70C439}.Debug|x86.Build.0 = Debug|Any CPU
		{C077862F-4AF0-49E7-AA7A-F9366C70C439}.Release|Any CPU.ActiveCfg = Release|Any CPU
		{C077862F-4AF0-49E7-AA7A-F9366C70C439}.Release|Any CPU.Build.0 = Release|Any CPU
		{C077862F-4AF0-49E7-AA7A-F9366C70C439}.Release|x64.ActiveCfg = Release|Any CPU
		{C077862F-4AF0-49E7-AA7A-F9366C70C439}.Release|x64.Build.0 = Release|Any CPU
		{C077862F-4AF0-49E7-AA7A-F9366C70C439}.Release|x86.ActiveCfg = Release|Any CPU
		{C077862F-4AF0-49E7-AA7A-F9366C70C439}.Release|x86.Build.0 = Release|Any CPU
		{12EF1F09-8927-41C6-B61C-A80FF3EE6748}.Debug|Any CPU.ActiveCfg = Debug|Any CPU
		{12EF1F09-8927-41C6-B61C-A80FF3EE6748}.Debug|Any CPU.Build.0 = Debug|Any CPU
		{12EF1F09-8927-41C6-B61C-A80FF3EE6748}.Debug|x64.ActiveCfg = Debug|Any CPU
		{12EF1F09-8927-41C6-B61C-A80FF3EE6748}.Debug|x64.Build.0 = Debug|Any CPU
		{12EF1F09-8927-41C6-B61C-A80FF3EE6748}.Debug|x86.ActiveCfg = Debug|Any CPU
		{12EF1F09-8927-41C6-B61C-A80FF3EE6748}.Debug|x86.Build.0 = Debug|Any CPU
		{12EF1F09-8927-41C6-B61C-A80FF3EE6748}.Release|Any CPU.ActiveCfg = Release|Any CPU
		{12EF1F09-8927-41C6-B61C-A80FF3EE6748}.Release|Any CPU.Build.0 = Release|Any CPU
		{12EF1F09-8927-41C6-B61C-A80FF3EE6748}.Release|x64.ActiveCfg = Release|Any CPU
		{12EF1F09-8927-41C6-B61C-A80FF3EE6748}.Release|x64.Build.0 = Release|Any CPU
		{12EF1F09-8927-41C6-B61C-A80FF3EE6748}.Release|x86.ActiveCfg = Release|Any CPU
		{12EF1F09-8927-41C6-B61C-A80FF3EE6748}.Release|x86.Build.0 = Release|Any CPU
		{45DFFF31-9D6D-4FEC-9FDE-A8951EFFC69B}.Debug|Any CPU.ActiveCfg = Debug|Any CPU
		{45DFFF31-9D6D-4FEC-9FDE-A8951EFFC69B}.Debug|Any CPU.Build.0 = Debug|Any CPU
		{45DFFF31-9D6D-4FEC-9FDE-A8951EFFC69B}.Debug|x64.ActiveCfg = Debug|Any CPU
		{45DFFF31-9D6D-4FEC-9FDE-A8951EFFC69B}.Debug|x64.Build.0 = Debug|Any CPU
		{45DFFF31-9D6D-4FEC-9FDE-A8951EFFC69B}.Debug|x86.ActiveCfg = Debug|Any CPU
		{45DFFF31-9D6D-4FEC-9FDE-A8951EFFC69B}.Debug|x86.Build.0 = Debug|Any CPU
		{45DFFF31-9D6D-4FEC-9FDE-A8951EFFC69B}.Release|Any CPU.ActiveCfg = Release|Any CPU
		{45DFFF31-9D6D-4FEC-9FDE-A8951EFFC69B}.Release|Any CPU.Build.0 = Release|Any CPU
		{45DFFF31-9D6D-4FEC-9FDE-A8951EFFC69B}.Release|x64.ActiveCfg = Release|Any CPU
		{45DFFF31-9D6D-4FEC-9FDE-A8951EFFC69B}.Release|x64.Build.0 = Release|Any CPU
		{45DFFF31-9D6D-4FEC-9FDE-A8951EFFC69B}.Release|x86.ActiveCfg = Release|Any CPU
		{45DFFF31-9D6D-4FEC-9FDE-A8951EFFC69B}.Release|x86.Build.0 = Release|Any CPU
		{D9752178-C7D2-41B9-AE9F-26622E094513}.Debug|Any CPU.ActiveCfg = Debug|Any CPU
		{D9752178-C7D2-41B9-AE9F-26622E094513}.Debug|Any CPU.Build.0 = Debug|Any CPU
		{D9752178-C7D2-41B9-AE9F-26622E094513}.Debug|x64.ActiveCfg = Debug|Any CPU
		{D9752178-C7D2-41B9-AE9F-26622E094513}.Debug|x64.Build.0 = Debug|Any CPU
		{D9752178-C7D2-41B9-AE9F-26622E094513}.Debug|x86.ActiveCfg = Debug|Any CPU
		{D9752178-C7D2-41B9-AE9F-26622E094513}.Debug|x86.Build.0 = Debug|Any CPU
		{D9752178-C7D2-41B9-AE9F-26622E094513}.Release|Any CPU.ActiveCfg = Release|Any CPU
		{D9752178-C7D2-41B9-AE9F-26622E094513}.Release|Any CPU.Build.0 = Release|Any CPU
		{D9752178-C7D2-41B9-AE9F-26622E094513}.Release|x64.ActiveCfg = Release|Any CPU
		{D9752178-C7D2-41B9-AE9F-26622E094513}.Release|x64.Build.0 = Release|Any CPU
		{D9752178-C7D2-41B9-AE9F-26622E094513}.Release|x86.ActiveCfg = Release|Any CPU
		{D9752178-C7D2-41B9-AE9F-26622E094513}.Release|x86.Build.0 = Release|Any CPU
		{2C75BB0F-D373-48FC-953A-A8CAE8A49FCE}.Debug|Any CPU.ActiveCfg = Debug|Any CPU
		{2C75BB0F-D373-48FC-953A-A8CAE8A49FCE}.Debug|Any CPU.Build.0 = Debug|Any CPU
		{2C75BB0F-D373-48FC-953A-A8CAE8A49FCE}.Debug|x64.ActiveCfg = Debug|Any CPU
		{2C75BB0F-D373-48FC-953A-A8CAE8A49FCE}.Debug|x64.Build.0 = Debug|Any CPU
		{2C75BB0F-D373-48FC-953A-A8CAE8A49FCE}.Debug|x86.ActiveCfg = Debug|Any CPU
		{2C75BB0F-D373-48FC-953A-A8CAE8A49FCE}.Debug|x86.Build.0 = Debug|Any CPU
		{2C75BB0F-D373-48FC-953A-A8CAE8A49FCE}.Release|Any CPU.ActiveCfg = Release|Any CPU
		{2C75BB0F-D373-48FC-953A-A8CAE8A49FCE}.Release|Any CPU.Build.0 = Release|Any CPU
		{2C75BB0F-D373-48FC-953A-A8CAE8A49FCE}.Release|x64.ActiveCfg = Release|Any CPU
		{2C75BB0F-D373-48FC-953A-A8CAE8A49FCE}.Release|x64.Build.0 = Release|Any CPU
		{2C75BB0F-D373-48FC-953A-A8CAE8A49FCE}.Release|x86.ActiveCfg = Release|Any CPU
		{2C75BB0F-D373-48FC-953A-A8CAE8A49FCE}.Release|x86.Build.0 = Release|Any CPU
		{75749DDB-2BF1-4E3D-B3C9-BED613A2A926}.Debug|Any CPU.ActiveCfg = Debug|Any CPU
		{75749DDB-2BF1-4E3D-B3C9-BED613A2A926}.Debug|Any CPU.Build.0 = Debug|Any CPU
		{75749DDB-2BF1-4E3D-B3C9-BED613A2A926}.Debug|x64.ActiveCfg = Debug|Any CPU
		{75749DDB-2BF1-4E3D-B3C9-BED613A2A926}.Debug|x64.Build.0 = Debug|Any CPU
		{75749DDB-2BF1-4E3D-B3C9-BED613A2A926}.Debug|x86.ActiveCfg = Debug|Any CPU
		{75749DDB-2BF1-4E3D-B3C9-BED613A2A926}.Debug|x86.Build.0 = Debug|Any CPU
		{75749DDB-2BF1-4E3D-B3C9-BED613A2A926}.Release|Any CPU.ActiveCfg = Release|Any CPU
		{75749DDB-2BF1-4E3D-B3C9-BED613A2A926}.Release|Any CPU.Build.0 = Release|Any CPU
		{75749DDB-2BF1-4E3D-B3C9-BED613A2A926}.Release|x64.ActiveCfg = Release|Any CPU
		{75749DDB-2BF1-4E3D-B3C9-BED613A2A926}.Release|x64.Build.0 = Release|Any CPU
		{75749DDB-2BF1-4E3D-B3C9-BED613A2A926}.Release|x86.ActiveCfg = Release|Any CPU
		{75749DDB-2BF1-4E3D-B3C9-BED613A2A926}.Release|x86.Build.0 = Release|Any CPU
		{807ADD4D-6A6F-470C-A8B1-4F42B28843BA}.Debug|Any CPU.ActiveCfg = Debug|Any CPU
		{807ADD4D-6A6F-470C-A8B1-4F42B28843BA}.Debug|Any CPU.Build.0 = Debug|Any CPU
		{807ADD4D-6A6F-470C-A8B1-4F42B28843BA}.Debug|x64.ActiveCfg = Debug|Any CPU
		{807ADD4D-6A6F-470C-A8B1-4F42B28843BA}.Debug|x64.Build.0 = Debug|Any CPU
		{807ADD4D-6A6F-470C-A8B1-4F42B28843BA}.Debug|x86.ActiveCfg = Debug|Any CPU
		{807ADD4D-6A6F-470C-A8B1-4F42B28843BA}.Debug|x86.Build.0 = Debug|Any CPU
		{807ADD4D-6A6F-470C-A8B1-4F42B28843BA}.Release|Any CPU.ActiveCfg = Release|Any CPU
		{807ADD4D-6A6F-470C-A8B1-4F42B28843BA}.Release|Any CPU.Build.0 = Release|Any CPU
		{807ADD4D-6A6F-470C-A8B1-4F42B28843BA}.Release|x64.ActiveCfg = Release|Any CPU
		{807ADD4D-6A6F-470C-A8B1-4F42B28843BA}.Release|x64.Build.0 = Release|Any CPU
		{807ADD4D-6A6F-470C-A8B1-4F42B28843BA}.Release|x86.ActiveCfg = Release|Any CPU
		{807ADD4D-6A6F-470C-A8B1-4F42B28843BA}.Release|x86.Build.0 = Release|Any CPU
		{4B4A554C-E79E-4054-A94E-F1FA1AB6A48F}.Debug|Any CPU.ActiveCfg = Debug|Any CPU
		{4B4A554C-E79E-4054-A94E-F1FA1AB6A48F}.Debug|Any CPU.Build.0 = Debug|Any CPU
		{4B4A554C-E79E-4054-A94E-F1FA1AB6A48F}.Debug|x64.ActiveCfg = Debug|Any CPU
		{4B4A554C-E79E-4054-A94E-F1FA1AB6A48F}.Debug|x64.Build.0 = Debug|Any CPU
		{4B4A554C-E79E-4054-A94E-F1FA1AB6A48F}.Debug|x86.ActiveCfg = Debug|Any CPU
		{4B4A554C-E79E-4054-A94E-F1FA1AB6A48F}.Debug|x86.Build.0 = Debug|Any CPU
		{4B4A554C-E79E-4054-A94E-F1FA1AB6A48F}.Release|Any CPU.ActiveCfg = Release|Any CPU
		{4B4A554C-E79E-4054-A94E-F1FA1AB6A48F}.Release|Any CPU.Build.0 = Release|Any CPU
		{4B4A554C-E79E-4054-A94E-F1FA1AB6A48F}.Release|x64.ActiveCfg = Release|Any CPU
		{4B4A554C-E79E-4054-A94E-F1FA1AB6A48F}.Release|x64.Build.0 = Release|Any CPU
		{4B4A554C-E79E-4054-A94E-F1FA1AB6A48F}.Release|x86.ActiveCfg = Release|Any CPU
		{4B4A554C-E79E-4054-A94E-F1FA1AB6A48F}.Release|x86.Build.0 = Release|Any CPU
		{D60E231E-B77F-4597-B029-667513394462}.Debug|Any CPU.ActiveCfg = Debug|Any CPU
		{D60E231E-B77F-4597-B029-667513394462}.Debug|Any CPU.Build.0 = Debug|Any CPU
		{D60E231E-B77F-4597-B029-667513394462}.Debug|x64.ActiveCfg = Debug|Any CPU
		{D60E231E-B77F-4597-B029-667513394462}.Debug|x64.Build.0 = Debug|Any CPU
		{D60E231E-B77F-4597-B029-667513394462}.Debug|x86.ActiveCfg = Debug|Any CPU
		{D60E231E-B77F-4597-B029-667513394462}.Debug|x86.Build.0 = Debug|Any CPU
		{D60E231E-B77F-4597-B029-667513394462}.Release|Any CPU.ActiveCfg = Release|Any CPU
		{D60E231E-B77F-4597-B029-667513394462}.Release|Any CPU.Build.0 = Release|Any CPU
		{D60E231E-B77F-4597-B029-667513394462}.Release|x64.ActiveCfg = Release|Any CPU
		{D60E231E-B77F-4597-B029-667513394462}.Release|x64.Build.0 = Release|Any CPU
		{D60E231E-B77F-4597-B029-667513394462}.Release|x86.ActiveCfg = Release|Any CPU
		{D60E231E-B77F-4597-B029-667513394462}.Release|x86.Build.0 = Release|Any CPU
		{BF78E6AE-B0E9-4149-99EA-8CF8684E65B6}.Debug|Any CPU.ActiveCfg = Debug|Any CPU
		{BF78E6AE-B0E9-4149-99EA-8CF8684E65B6}.Debug|Any CPU.Build.0 = Debug|Any CPU
		{BF78E6AE-B0E9-4149-99EA-8CF8684E65B6}.Debug|x64.ActiveCfg = Debug|Any CPU
		{BF78E6AE-B0E9-4149-99EA-8CF8684E65B6}.Debug|x64.Build.0 = Debug|Any CPU
		{BF78E6AE-B0E9-4149-99EA-8CF8684E65B6}.Debug|x86.ActiveCfg = Debug|Any CPU
		{BF78E6AE-B0E9-4149-99EA-8CF8684E65B6}.Debug|x86.Build.0 = Debug|Any CPU
		{BF78E6AE-B0E9-4149-99EA-8CF8684E65B6}.Release|Any CPU.ActiveCfg = Release|Any CPU
		{BF78E6AE-B0E9-4149-99EA-8CF8684E65B6}.Release|Any CPU.Build.0 = Release|Any CPU
		{BF78E6AE-B0E9-4149-99EA-8CF8684E65B6}.Release|x64.ActiveCfg = Release|Any CPU
		{BF78E6AE-B0E9-4149-99EA-8CF8684E65B6}.Release|x64.Build.0 = Release|Any CPU
		{BF78E6AE-B0E9-4149-99EA-8CF8684E65B6}.Release|x86.ActiveCfg = Release|Any CPU
		{BF78E6AE-B0E9-4149-99EA-8CF8684E65B6}.Release|x86.Build.0 = Release|Any CPU
		{9C0E8FF2-6E57-4D59-BB99-3D97E8005DBA}.Debug|Any CPU.ActiveCfg = Debug|Any CPU
		{9C0E8FF2-6E57-4D59-BB99-3D97E8005DBA}.Debug|Any CPU.Build.0 = Debug|Any CPU
		{9C0E8FF2-6E57-4D59-BB99-3D97E8005DBA}.Debug|x64.ActiveCfg = Debug|Any CPU
		{9C0E8FF2-6E57-4D59-BB99-3D97E8005DBA}.Debug|x64.Build.0 = Debug|Any CPU
		{9C0E8FF2-6E57-4D59-BB99-3D97E8005DBA}.Debug|x86.ActiveCfg = Debug|Any CPU
		{9C0E8FF2-6E57-4D59-BB99-3D97E8005DBA}.Debug|x86.Build.0 = Debug|Any CPU
		{9C0E8FF2-6E57-4D59-BB99-3D97E8005DBA}.Release|Any CPU.ActiveCfg = Release|Any CPU
		{9C0E8FF2-6E57-4D59-BB99-3D97E8005DBA}.Release|Any CPU.Build.0 = Release|Any CPU
		{9C0E8FF2-6E57-4D59-BB99-3D97E8005DBA}.Release|x64.ActiveCfg = Release|Any CPU
		{9C0E8FF2-6E57-4D59-BB99-3D97E8005DBA}.Release|x64.Build.0 = Release|Any CPU
		{9C0E8FF2-6E57-4D59-BB99-3D97E8005DBA}.Release|x86.ActiveCfg = Release|Any CPU
		{9C0E8FF2-6E57-4D59-BB99-3D97E8005DBA}.Release|x86.Build.0 = Release|Any CPU
		{721009A3-0F16-497F-B8E2-CD719E1084C1}.Debug|Any CPU.ActiveCfg = Debug|Any CPU
		{721009A3-0F16-497F-B8E2-CD719E1084C1}.Debug|Any CPU.Build.0 = Debug|Any CPU
		{721009A3-0F16-497F-B8E2-CD719E1084C1}.Debug|x64.ActiveCfg = Debug|Any CPU
		{721009A3-0F16-497F-B8E2-CD719E1084C1}.Debug|x64.Build.0 = Debug|Any CPU
		{721009A3-0F16-497F-B8E2-CD719E1084C1}.Debug|x86.ActiveCfg = Debug|Any CPU
		{721009A3-0F16-497F-B8E2-CD719E1084C1}.Debug|x86.Build.0 = Debug|Any CPU
		{721009A3-0F16-497F-B8E2-CD719E1084C1}.Release|Any CPU.ActiveCfg = Release|Any CPU
		{721009A3-0F16-497F-B8E2-CD719E1084C1}.Release|Any CPU.Build.0 = Release|Any CPU
		{721009A3-0F16-497F-B8E2-CD719E1084C1}.Release|x64.ActiveCfg = Release|Any CPU
		{721009A3-0F16-497F-B8E2-CD719E1084C1}.Release|x64.Build.0 = Release|Any CPU
		{721009A3-0F16-497F-B8E2-CD719E1084C1}.Release|x86.ActiveCfg = Release|Any CPU
		{721009A3-0F16-497F-B8E2-CD719E1084C1}.Release|x86.Build.0 = Release|Any CPU
		{FEA985B0-CF2F-4BC8-8819-9F2FA587CA73}.Debug|Any CPU.ActiveCfg = Debug|Any CPU
		{FEA985B0-CF2F-4BC8-8819-9F2FA587CA73}.Debug|Any CPU.Build.0 = Debug|Any CPU
		{FEA985B0-CF2F-4BC8-8819-9F2FA587CA73}.Debug|x64.ActiveCfg = Debug|Any CPU
		{FEA985B0-CF2F-4BC8-8819-9F2FA587CA73}.Debug|x64.Build.0 = Debug|Any CPU
		{FEA985B0-CF2F-4BC8-8819-9F2FA587CA73}.Debug|x86.ActiveCfg = Debug|Any CPU
		{FEA985B0-CF2F-4BC8-8819-9F2FA587CA73}.Debug|x86.Build.0 = Debug|Any CPU
		{FEA985B0-CF2F-4BC8-8819-9F2FA587CA73}.Release|Any CPU.ActiveCfg = Release|Any CPU
		{FEA985B0-CF2F-4BC8-8819-9F2FA587CA73}.Release|Any CPU.Build.0 = Release|Any CPU
		{FEA985B0-CF2F-4BC8-8819-9F2FA587CA73}.Release|x64.ActiveCfg = Release|Any CPU
		{FEA985B0-CF2F-4BC8-8819-9F2FA587CA73}.Release|x64.Build.0 = Release|Any CPU
		{FEA985B0-CF2F-4BC8-8819-9F2FA587CA73}.Release|x86.ActiveCfg = Release|Any CPU
		{FEA985B0-CF2F-4BC8-8819-9F2FA587CA73}.Release|x86.Build.0 = Release|Any CPU
		{C5B85860-6A3D-4A51-8682-AA056F78ACC2}.Debug|Any CPU.ActiveCfg = Debug|Any CPU
		{C5B85860-6A3D-4A51-8682-AA056F78ACC2}.Debug|Any CPU.Build.0 = Debug|Any CPU
		{C5B85860-6A3D-4A51-8682-AA056F78ACC2}.Debug|x64.ActiveCfg = Debug|Any CPU
		{C5B85860-6A3D-4A51-8682-AA056F78ACC2}.Debug|x64.Build.0 = Debug|Any CPU
		{C5B85860-6A3D-4A51-8682-AA056F78ACC2}.Debug|x86.ActiveCfg = Debug|Any CPU
		{C5B85860-6A3D-4A51-8682-AA056F78ACC2}.Debug|x86.Build.0 = Debug|Any CPU
		{C5B85860-6A3D-4A51-8682-AA056F78ACC2}.Release|Any CPU.ActiveCfg = Release|Any CPU
		{C5B85860-6A3D-4A51-8682-AA056F78ACC2}.Release|Any CPU.Build.0 = Release|Any CPU
		{C5B85860-6A3D-4A51-8682-AA056F78ACC2}.Release|x64.ActiveCfg = Release|Any CPU
		{C5B85860-6A3D-4A51-8682-AA056F78ACC2}.Release|x64.Build.0 = Release|Any CPU
		{C5B85860-6A3D-4A51-8682-AA056F78ACC2}.Release|x86.ActiveCfg = Release|Any CPU
		{C5B85860-6A3D-4A51-8682-AA056F78ACC2}.Release|x86.Build.0 = Release|Any CPU
		{6BAE4D46-1A05-4233-A5FD-DDF4D0AAE6B1}.Debug|Any CPU.ActiveCfg = Debug|Any CPU
		{6BAE4D46-1A05-4233-A5FD-DDF4D0AAE6B1}.Debug|Any CPU.Build.0 = Debug|Any CPU
		{6BAE4D46-1A05-4233-A5FD-DDF4D0AAE6B1}.Debug|x64.ActiveCfg = Debug|Any CPU
		{6BAE4D46-1A05-4233-A5FD-DDF4D0AAE6B1}.Debug|x64.Build.0 = Debug|Any CPU
		{6BAE4D46-1A05-4233-A5FD-DDF4D0AAE6B1}.Debug|x86.ActiveCfg = Debug|Any CPU
		{6BAE4D46-1A05-4233-A5FD-DDF4D0AAE6B1}.Debug|x86.Build.0 = Debug|Any CPU
		{6BAE4D46-1A05-4233-A5FD-DDF4D0AAE6B1}.Release|Any CPU.ActiveCfg = Release|Any CPU
		{6BAE4D46-1A05-4233-A5FD-DDF4D0AAE6B1}.Release|Any CPU.Build.0 = Release|Any CPU
		{6BAE4D46-1A05-4233-A5FD-DDF4D0AAE6B1}.Release|x64.ActiveCfg = Release|Any CPU
		{6BAE4D46-1A05-4233-A5FD-DDF4D0AAE6B1}.Release|x64.Build.0 = Release|Any CPU
		{6BAE4D46-1A05-4233-A5FD-DDF4D0AAE6B1}.Release|x86.ActiveCfg = Release|Any CPU
		{6BAE4D46-1A05-4233-A5FD-DDF4D0AAE6B1}.Release|x86.Build.0 = Release|Any CPU
		{EEA9D273-0142-4313-9877-1494BDB9E90B}.Debug|Any CPU.ActiveCfg = Debug|Any CPU
		{EEA9D273-0142-4313-9877-1494BDB9E90B}.Debug|Any CPU.Build.0 = Debug|Any CPU
		{EEA9D273-0142-4313-9877-1494BDB9E90B}.Debug|x64.ActiveCfg = Debug|Any CPU
		{EEA9D273-0142-4313-9877-1494BDB9E90B}.Debug|x64.Build.0 = Debug|Any CPU
		{EEA9D273-0142-4313-9877-1494BDB9E90B}.Debug|x86.ActiveCfg = Debug|Any CPU
		{EEA9D273-0142-4313-9877-1494BDB9E90B}.Debug|x86.Build.0 = Debug|Any CPU
		{EEA9D273-0142-4313-9877-1494BDB9E90B}.Release|Any CPU.ActiveCfg = Release|Any CPU
		{EEA9D273-0142-4313-9877-1494BDB9E90B}.Release|Any CPU.Build.0 = Release|Any CPU
		{EEA9D273-0142-4313-9877-1494BDB9E90B}.Release|x64.ActiveCfg = Release|Any CPU
		{EEA9D273-0142-4313-9877-1494BDB9E90B}.Release|x64.Build.0 = Release|Any CPU
		{EEA9D273-0142-4313-9877-1494BDB9E90B}.Release|x86.ActiveCfg = Release|Any CPU
		{EEA9D273-0142-4313-9877-1494BDB9E90B}.Release|x86.Build.0 = Release|Any CPU
		{F04E686C-F82A-424C-B2A0-8C4C6924E376}.Debug|Any CPU.ActiveCfg = Debug|Any CPU
		{F04E686C-F82A-424C-B2A0-8C4C6924E376}.Debug|Any CPU.Build.0 = Debug|Any CPU
		{F04E686C-F82A-424C-B2A0-8C4C6924E376}.Debug|x64.ActiveCfg = Debug|Any CPU
		{F04E686C-F82A-424C-B2A0-8C4C6924E376}.Debug|x64.Build.0 = Debug|Any CPU
		{F04E686C-F82A-424C-B2A0-8C4C6924E376}.Debug|x86.ActiveCfg = Debug|Any CPU
		{F04E686C-F82A-424C-B2A0-8C4C6924E376}.Debug|x86.Build.0 = Debug|Any CPU
		{F04E686C-F82A-424C-B2A0-8C4C6924E376}.Release|Any CPU.ActiveCfg = Release|Any CPU
		{F04E686C-F82A-424C-B2A0-8C4C6924E376}.Release|Any CPU.Build.0 = Release|Any CPU
		{F04E686C-F82A-424C-B2A0-8C4C6924E376}.Release|x64.ActiveCfg = Release|Any CPU
		{F04E686C-F82A-424C-B2A0-8C4C6924E376}.Release|x64.Build.0 = Release|Any CPU
		{F04E686C-F82A-424C-B2A0-8C4C6924E376}.Release|x86.ActiveCfg = Release|Any CPU
		{F04E686C-F82A-424C-B2A0-8C4C6924E376}.Release|x86.Build.0 = Release|Any CPU
		{FD4E11DD-0344-4680-AEA4-4143D0FCEC5E}.Debug|Any CPU.ActiveCfg = Debug|Any CPU
		{FD4E11DD-0344-4680-AEA4-4143D0FCEC5E}.Debug|Any CPU.Build.0 = Debug|Any CPU
		{FD4E11DD-0344-4680-AEA4-4143D0FCEC5E}.Debug|x64.ActiveCfg = Debug|Any CPU
		{FD4E11DD-0344-4680-AEA4-4143D0FCEC5E}.Debug|x64.Build.0 = Debug|Any CPU
		{FD4E11DD-0344-4680-AEA4-4143D0FCEC5E}.Debug|x86.ActiveCfg = Debug|Any CPU
		{FD4E11DD-0344-4680-AEA4-4143D0FCEC5E}.Debug|x86.Build.0 = Debug|Any CPU
		{FD4E11DD-0344-4680-AEA4-4143D0FCEC5E}.Release|Any CPU.ActiveCfg = Release|Any CPU
		{FD4E11DD-0344-4680-AEA4-4143D0FCEC5E}.Release|Any CPU.Build.0 = Release|Any CPU
		{FD4E11DD-0344-4680-AEA4-4143D0FCEC5E}.Release|x64.ActiveCfg = Release|Any CPU
		{FD4E11DD-0344-4680-AEA4-4143D0FCEC5E}.Release|x64.Build.0 = Release|Any CPU
		{FD4E11DD-0344-4680-AEA4-4143D0FCEC5E}.Release|x86.ActiveCfg = Release|Any CPU
		{FD4E11DD-0344-4680-AEA4-4143D0FCEC5E}.Release|x86.Build.0 = Release|Any CPU
		{F80135DB-127D-4C5F-8681-2CE34F31BD3D}.Debug|Any CPU.ActiveCfg = Debug|Any CPU
		{F80135DB-127D-4C5F-8681-2CE34F31BD3D}.Debug|Any CPU.Build.0 = Debug|Any CPU
		{F80135DB-127D-4C5F-8681-2CE34F31BD3D}.Debug|x64.ActiveCfg = Debug|Any CPU
		{F80135DB-127D-4C5F-8681-2CE34F31BD3D}.Debug|x64.Build.0 = Debug|Any CPU
		{F80135DB-127D-4C5F-8681-2CE34F31BD3D}.Debug|x86.ActiveCfg = Debug|Any CPU
		{F80135DB-127D-4C5F-8681-2CE34F31BD3D}.Debug|x86.Build.0 = Debug|Any CPU
		{F80135DB-127D-4C5F-8681-2CE34F31BD3D}.Release|Any CPU.ActiveCfg = Release|Any CPU
		{F80135DB-127D-4C5F-8681-2CE34F31BD3D}.Release|Any CPU.Build.0 = Release|Any CPU
		{F80135DB-127D-4C5F-8681-2CE34F31BD3D}.Release|x64.ActiveCfg = Release|Any CPU
		{F80135DB-127D-4C5F-8681-2CE34F31BD3D}.Release|x64.Build.0 = Release|Any CPU
		{F80135DB-127D-4C5F-8681-2CE34F31BD3D}.Release|x86.ActiveCfg = Release|Any CPU
		{F80135DB-127D-4C5F-8681-2CE34F31BD3D}.Release|x86.Build.0 = Release|Any CPU
		{458083DD-DFEE-4B87-BE59-4F294DADF758}.Debug|Any CPU.ActiveCfg = Debug|Any CPU
		{458083DD-DFEE-4B87-BE59-4F294DADF758}.Debug|Any CPU.Build.0 = Debug|Any CPU
		{458083DD-DFEE-4B87-BE59-4F294DADF758}.Debug|x64.ActiveCfg = Debug|Any CPU
		{458083DD-DFEE-4B87-BE59-4F294DADF758}.Debug|x64.Build.0 = Debug|Any CPU
		{458083DD-DFEE-4B87-BE59-4F294DADF758}.Debug|x86.ActiveCfg = Debug|Any CPU
		{458083DD-DFEE-4B87-BE59-4F294DADF758}.Debug|x86.Build.0 = Debug|Any CPU
		{458083DD-DFEE-4B87-BE59-4F294DADF758}.Release|Any CPU.ActiveCfg = Release|Any CPU
		{458083DD-DFEE-4B87-BE59-4F294DADF758}.Release|Any CPU.Build.0 = Release|Any CPU
		{458083DD-DFEE-4B87-BE59-4F294DADF758}.Release|x64.ActiveCfg = Release|Any CPU
		{458083DD-DFEE-4B87-BE59-4F294DADF758}.Release|x64.Build.0 = Release|Any CPU
		{458083DD-DFEE-4B87-BE59-4F294DADF758}.Release|x86.ActiveCfg = Release|Any CPU
		{458083DD-DFEE-4B87-BE59-4F294DADF758}.Release|x86.Build.0 = Release|Any CPU
		{380927EC-AFE9-4836-8986-9F287CBB7233}.Debug|Any CPU.ActiveCfg = Debug|Any CPU
		{380927EC-AFE9-4836-8986-9F287CBB7233}.Debug|Any CPU.Build.0 = Debug|Any CPU
		{380927EC-AFE9-4836-8986-9F287CBB7233}.Debug|x64.ActiveCfg = Debug|Any CPU
		{380927EC-AFE9-4836-8986-9F287CBB7233}.Debug|x64.Build.0 = Debug|Any CPU
		{380927EC-AFE9-4836-8986-9F287CBB7233}.Debug|x86.ActiveCfg = Debug|Any CPU
		{380927EC-AFE9-4836-8986-9F287CBB7233}.Debug|x86.Build.0 = Debug|Any CPU
		{380927EC-AFE9-4836-8986-9F287CBB7233}.Release|Any CPU.ActiveCfg = Release|Any CPU
		{380927EC-AFE9-4836-8986-9F287CBB7233}.Release|Any CPU.Build.0 = Release|Any CPU
		{380927EC-AFE9-4836-8986-9F287CBB7233}.Release|x64.ActiveCfg = Release|Any CPU
		{380927EC-AFE9-4836-8986-9F287CBB7233}.Release|x64.Build.0 = Release|Any CPU
		{380927EC-AFE9-4836-8986-9F287CBB7233}.Release|x86.ActiveCfg = Release|Any CPU
		{380927EC-AFE9-4836-8986-9F287CBB7233}.Release|x86.Build.0 = Release|Any CPU
		{B782841C-20AF-4F4A-9A8A-DB810BD2D4F5}.Debug|Any CPU.ActiveCfg = Debug|Any CPU
		{B782841C-20AF-4F4A-9A8A-DB810BD2D4F5}.Debug|Any CPU.Build.0 = Debug|Any CPU
		{B782841C-20AF-4F4A-9A8A-DB810BD2D4F5}.Debug|x64.ActiveCfg = Debug|Any CPU
		{B782841C-20AF-4F4A-9A8A-DB810BD2D4F5}.Debug|x64.Build.0 = Debug|Any CPU
		{B782841C-20AF-4F4A-9A8A-DB810BD2D4F5}.Debug|x86.ActiveCfg = Debug|Any CPU
		{B782841C-20AF-4F4A-9A8A-DB810BD2D4F5}.Debug|x86.Build.0 = Debug|Any CPU
		{B782841C-20AF-4F4A-9A8A-DB810BD2D4F5}.Release|Any CPU.ActiveCfg = Release|Any CPU
		{B782841C-20AF-4F4A-9A8A-DB810BD2D4F5}.Release|Any CPU.Build.0 = Release|Any CPU
		{B782841C-20AF-4F4A-9A8A-DB810BD2D4F5}.Release|x64.ActiveCfg = Release|Any CPU
		{B782841C-20AF-4F4A-9A8A-DB810BD2D4F5}.Release|x64.Build.0 = Release|Any CPU
		{B782841C-20AF-4F4A-9A8A-DB810BD2D4F5}.Release|x86.ActiveCfg = Release|Any CPU
		{B782841C-20AF-4F4A-9A8A-DB810BD2D4F5}.Release|x86.Build.0 = Release|Any CPU
		{0911B007-2E7B-4662-B360-61DDCB72D88F}.Debug|Any CPU.ActiveCfg = Debug|Any CPU
		{0911B007-2E7B-4662-B360-61DDCB72D88F}.Debug|Any CPU.Build.0 = Debug|Any CPU
		{0911B007-2E7B-4662-B360-61DDCB72D88F}.Debug|x64.ActiveCfg = Debug|Any CPU
		{0911B007-2E7B-4662-B360-61DDCB72D88F}.Debug|x64.Build.0 = Debug|Any CPU
		{0911B007-2E7B-4662-B360-61DDCB72D88F}.Debug|x86.ActiveCfg = Debug|Any CPU
		{0911B007-2E7B-4662-B360-61DDCB72D88F}.Debug|x86.Build.0 = Debug|Any CPU
		{0911B007-2E7B-4662-B360-61DDCB72D88F}.Release|Any CPU.ActiveCfg = Release|Any CPU
		{0911B007-2E7B-4662-B360-61DDCB72D88F}.Release|Any CPU.Build.0 = Release|Any CPU
		{0911B007-2E7B-4662-B360-61DDCB72D88F}.Release|x64.ActiveCfg = Release|Any CPU
		{0911B007-2E7B-4662-B360-61DDCB72D88F}.Release|x64.Build.0 = Release|Any CPU
		{0911B007-2E7B-4662-B360-61DDCB72D88F}.Release|x86.ActiveCfg = Release|Any CPU
		{0911B007-2E7B-4662-B360-61DDCB72D88F}.Release|x86.Build.0 = Release|Any CPU
		{A400D832-D7F4-4479-BB69-3FE28FAE99DE}.Debug|Any CPU.ActiveCfg = Debug|Any CPU
		{A400D832-D7F4-4479-BB69-3FE28FAE99DE}.Debug|Any CPU.Build.0 = Debug|Any CPU
		{A400D832-D7F4-4479-BB69-3FE28FAE99DE}.Debug|x64.ActiveCfg = Debug|Any CPU
		{A400D832-D7F4-4479-BB69-3FE28FAE99DE}.Debug|x64.Build.0 = Debug|Any CPU
		{A400D832-D7F4-4479-BB69-3FE28FAE99DE}.Debug|x86.ActiveCfg = Debug|Any CPU
		{A400D832-D7F4-4479-BB69-3FE28FAE99DE}.Debug|x86.Build.0 = Debug|Any CPU
		{A400D832-D7F4-4479-BB69-3FE28FAE99DE}.Release|Any CPU.ActiveCfg = Release|Any CPU
		{A400D832-D7F4-4479-BB69-3FE28FAE99DE}.Release|Any CPU.Build.0 = Release|Any CPU
		{A400D832-D7F4-4479-BB69-3FE28FAE99DE}.Release|x64.ActiveCfg = Release|Any CPU
		{A400D832-D7F4-4479-BB69-3FE28FAE99DE}.Release|x64.Build.0 = Release|Any CPU
		{A400D832-D7F4-4479-BB69-3FE28FAE99DE}.Release|x86.ActiveCfg = Release|Any CPU
		{A400D832-D7F4-4479-BB69-3FE28FAE99DE}.Release|x86.Build.0 = Release|Any CPU
		{DE93F799-DB3C-40AF-A4F5-941D9F660862}.Debug|Any CPU.ActiveCfg = Debug|Any CPU
		{DE93F799-DB3C-40AF-A4F5-941D9F660862}.Debug|Any CPU.Build.0 = Debug|Any CPU
		{DE93F799-DB3C-40AF-A4F5-941D9F660862}.Debug|x64.ActiveCfg = Debug|Any CPU
		{DE93F799-DB3C-40AF-A4F5-941D9F660862}.Debug|x64.Build.0 = Debug|Any CPU
		{DE93F799-DB3C-40AF-A4F5-941D9F660862}.Debug|x86.ActiveCfg = Debug|Any CPU
		{DE93F799-DB3C-40AF-A4F5-941D9F660862}.Debug|x86.Build.0 = Debug|Any CPU
		{DE93F799-DB3C-40AF-A4F5-941D9F660862}.Release|Any CPU.ActiveCfg = Release|Any CPU
		{DE93F799-DB3C-40AF-A4F5-941D9F660862}.Release|Any CPU.Build.0 = Release|Any CPU
		{DE93F799-DB3C-40AF-A4F5-941D9F660862}.Release|x64.ActiveCfg = Release|Any CPU
		{DE93F799-DB3C-40AF-A4F5-941D9F660862}.Release|x64.Build.0 = Release|Any CPU
		{DE93F799-DB3C-40AF-A4F5-941D9F660862}.Release|x86.ActiveCfg = Release|Any CPU
		{DE93F799-DB3C-40AF-A4F5-941D9F660862}.Release|x86.Build.0 = Release|Any CPU
		{49F30479-B4A8-486F-A217-9974A535801A}.Debug|Any CPU.ActiveCfg = Debug|Any CPU
		{49F30479-B4A8-486F-A217-9974A535801A}.Debug|Any CPU.Build.0 = Debug|Any CPU
		{49F30479-B4A8-486F-A217-9974A535801A}.Debug|x64.ActiveCfg = Debug|Any CPU
		{49F30479-B4A8-486F-A217-9974A535801A}.Debug|x64.Build.0 = Debug|Any CPU
		{49F30479-B4A8-486F-A217-9974A535801A}.Debug|x86.ActiveCfg = Debug|Any CPU
		{49F30479-B4A8-486F-A217-9974A535801A}.Debug|x86.Build.0 = Debug|Any CPU
		{49F30479-B4A8-486F-A217-9974A535801A}.Release|Any CPU.ActiveCfg = Release|Any CPU
		{49F30479-B4A8-486F-A217-9974A535801A}.Release|Any CPU.Build.0 = Release|Any CPU
		{49F30479-B4A8-486F-A217-9974A535801A}.Release|x64.ActiveCfg = Release|Any CPU
		{49F30479-B4A8-486F-A217-9974A535801A}.Release|x64.Build.0 = Release|Any CPU
		{49F30479-B4A8-486F-A217-9974A535801A}.Release|x86.ActiveCfg = Release|Any CPU
		{49F30479-B4A8-486F-A217-9974A535801A}.Release|x86.Build.0 = Release|Any CPU
		{BEF2A91A-DEB7-4D8A-8BA3-DD7B805F14D3}.Debug|Any CPU.ActiveCfg = Debug|Any CPU
		{BEF2A91A-DEB7-4D8A-8BA3-DD7B805F14D3}.Debug|Any CPU.Build.0 = Debug|Any CPU
		{BEF2A91A-DEB7-4D8A-8BA3-DD7B805F14D3}.Debug|x64.ActiveCfg = Debug|Any CPU
		{BEF2A91A-DEB7-4D8A-8BA3-DD7B805F14D3}.Debug|x64.Build.0 = Debug|Any CPU
		{BEF2A91A-DEB7-4D8A-8BA3-DD7B805F14D3}.Debug|x86.ActiveCfg = Debug|Any CPU
		{BEF2A91A-DEB7-4D8A-8BA3-DD7B805F14D3}.Debug|x86.Build.0 = Debug|Any CPU
		{BEF2A91A-DEB7-4D8A-8BA3-DD7B805F14D3}.Release|Any CPU.ActiveCfg = Release|Any CPU
		{BEF2A91A-DEB7-4D8A-8BA3-DD7B805F14D3}.Release|Any CPU.Build.0 = Release|Any CPU
		{BEF2A91A-DEB7-4D8A-8BA3-DD7B805F14D3}.Release|x64.ActiveCfg = Release|Any CPU
		{BEF2A91A-DEB7-4D8A-8BA3-DD7B805F14D3}.Release|x64.Build.0 = Release|Any CPU
		{BEF2A91A-DEB7-4D8A-8BA3-DD7B805F14D3}.Release|x86.ActiveCfg = Release|Any CPU
		{BEF2A91A-DEB7-4D8A-8BA3-DD7B805F14D3}.Release|x86.Build.0 = Release|Any CPU
		{7360B7D6-9E96-4CCB-91F6-3186F3186479}.Debug|Any CPU.ActiveCfg = Debug|Any CPU
		{7360B7D6-9E96-4CCB-91F6-3186F3186479}.Debug|Any CPU.Build.0 = Debug|Any CPU
		{7360B7D6-9E96-4CCB-91F6-3186F3186479}.Debug|x64.ActiveCfg = Debug|Any CPU
		{7360B7D6-9E96-4CCB-91F6-3186F3186479}.Debug|x64.Build.0 = Debug|Any CPU
		{7360B7D6-9E96-4CCB-91F6-3186F3186479}.Debug|x86.ActiveCfg = Debug|Any CPU
		{7360B7D6-9E96-4CCB-91F6-3186F3186479}.Debug|x86.Build.0 = Debug|Any CPU
		{7360B7D6-9E96-4CCB-91F6-3186F3186479}.Release|Any CPU.ActiveCfg = Release|Any CPU
		{7360B7D6-9E96-4CCB-91F6-3186F3186479}.Release|Any CPU.Build.0 = Release|Any CPU
		{7360B7D6-9E96-4CCB-91F6-3186F3186479}.Release|x64.ActiveCfg = Release|Any CPU
		{7360B7D6-9E96-4CCB-91F6-3186F3186479}.Release|x64.Build.0 = Release|Any CPU
		{7360B7D6-9E96-4CCB-91F6-3186F3186479}.Release|x86.ActiveCfg = Release|Any CPU
		{7360B7D6-9E96-4CCB-91F6-3186F3186479}.Release|x86.Build.0 = Release|Any CPU
		{5B79BDC4-E295-4287-9722-4890B3D15146}.Debug|Any CPU.ActiveCfg = Debug|Any CPU
		{5B79BDC4-E295-4287-9722-4890B3D15146}.Debug|Any CPU.Build.0 = Debug|Any CPU
		{5B79BDC4-E295-4287-9722-4890B3D15146}.Debug|x64.ActiveCfg = Debug|Any CPU
		{5B79BDC4-E295-4287-9722-4890B3D15146}.Debug|x64.Build.0 = Debug|Any CPU
		{5B79BDC4-E295-4287-9722-4890B3D15146}.Debug|x86.ActiveCfg = Debug|Any CPU
		{5B79BDC4-E295-4287-9722-4890B3D15146}.Debug|x86.Build.0 = Debug|Any CPU
		{5B79BDC4-E295-4287-9722-4890B3D15146}.Release|Any CPU.ActiveCfg = Release|Any CPU
		{5B79BDC4-E295-4287-9722-4890B3D15146}.Release|Any CPU.Build.0 = Release|Any CPU
		{5B79BDC4-E295-4287-9722-4890B3D15146}.Release|x64.ActiveCfg = Release|Any CPU
		{5B79BDC4-E295-4287-9722-4890B3D15146}.Release|x64.Build.0 = Release|Any CPU
		{5B79BDC4-E295-4287-9722-4890B3D15146}.Release|x86.ActiveCfg = Release|Any CPU
		{5B79BDC4-E295-4287-9722-4890B3D15146}.Release|x86.Build.0 = Release|Any CPU
		{E1EB96CA-0543-420C-9EA2-91C727775BD1}.Debug|Any CPU.ActiveCfg = Debug|Any CPU
		{E1EB96CA-0543-420C-9EA2-91C727775BD1}.Debug|Any CPU.Build.0 = Debug|Any CPU
		{E1EB96CA-0543-420C-9EA2-91C727775BD1}.Debug|x64.ActiveCfg = Debug|Any CPU
		{E1EB96CA-0543-420C-9EA2-91C727775BD1}.Debug|x64.Build.0 = Debug|Any CPU
		{E1EB96CA-0543-420C-9EA2-91C727775BD1}.Debug|x86.ActiveCfg = Debug|Any CPU
		{E1EB96CA-0543-420C-9EA2-91C727775BD1}.Debug|x86.Build.0 = Debug|Any CPU
		{E1EB96CA-0543-420C-9EA2-91C727775BD1}.Release|Any CPU.ActiveCfg = Release|Any CPU
		{E1EB96CA-0543-420C-9EA2-91C727775BD1}.Release|Any CPU.Build.0 = Release|Any CPU
		{E1EB96CA-0543-420C-9EA2-91C727775BD1}.Release|x64.ActiveCfg = Release|Any CPU
		{E1EB96CA-0543-420C-9EA2-91C727775BD1}.Release|x64.Build.0 = Release|Any CPU
		{E1EB96CA-0543-420C-9EA2-91C727775BD1}.Release|x86.ActiveCfg = Release|Any CPU
		{E1EB96CA-0543-420C-9EA2-91C727775BD1}.Release|x86.Build.0 = Release|Any CPU
		{D4F2985A-C107-474B-BEB8-CCFA98454588}.Debug|Any CPU.ActiveCfg = Debug|Any CPU
		{D4F2985A-C107-474B-BEB8-CCFA98454588}.Debug|Any CPU.Build.0 = Debug|Any CPU
		{D4F2985A-C107-474B-BEB8-CCFA98454588}.Debug|x64.ActiveCfg = Debug|Any CPU
		{D4F2985A-C107-474B-BEB8-CCFA98454588}.Debug|x64.Build.0 = Debug|Any CPU
		{D4F2985A-C107-474B-BEB8-CCFA98454588}.Debug|x86.ActiveCfg = Debug|Any CPU
		{D4F2985A-C107-474B-BEB8-CCFA98454588}.Debug|x86.Build.0 = Debug|Any CPU
		{D4F2985A-C107-474B-BEB8-CCFA98454588}.Release|Any CPU.ActiveCfg = Release|Any CPU
		{D4F2985A-C107-474B-BEB8-CCFA98454588}.Release|Any CPU.Build.0 = Release|Any CPU
		{D4F2985A-C107-474B-BEB8-CCFA98454588}.Release|x64.ActiveCfg = Release|Any CPU
		{D4F2985A-C107-474B-BEB8-CCFA98454588}.Release|x64.Build.0 = Release|Any CPU
		{D4F2985A-C107-474B-BEB8-CCFA98454588}.Release|x86.ActiveCfg = Release|Any CPU
		{D4F2985A-C107-474B-BEB8-CCFA98454588}.Release|x86.Build.0 = Release|Any CPU
		{DA54E14E-D0F7-4FE2-AB9F-3678B3A66D2A}.Debug|Any CPU.ActiveCfg = Debug|Any CPU
		{DA54E14E-D0F7-4FE2-AB9F-3678B3A66D2A}.Debug|Any CPU.Build.0 = Debug|Any CPU
		{DA54E14E-D0F7-4FE2-AB9F-3678B3A66D2A}.Debug|x64.ActiveCfg = Debug|Any CPU
		{DA54E14E-D0F7-4FE2-AB9F-3678B3A66D2A}.Debug|x64.Build.0 = Debug|Any CPU
		{DA54E14E-D0F7-4FE2-AB9F-3678B3A66D2A}.Debug|x86.ActiveCfg = Debug|Any CPU
		{DA54E14E-D0F7-4FE2-AB9F-3678B3A66D2A}.Debug|x86.Build.0 = Debug|Any CPU
		{DA54E14E-D0F7-4FE2-AB9F-3678B3A66D2A}.Release|Any CPU.ActiveCfg = Release|Any CPU
		{DA54E14E-D0F7-4FE2-AB9F-3678B3A66D2A}.Release|Any CPU.Build.0 = Release|Any CPU
		{DA54E14E-D0F7-4FE2-AB9F-3678B3A66D2A}.Release|x64.ActiveCfg = Release|Any CPU
		{DA54E14E-D0F7-4FE2-AB9F-3678B3A66D2A}.Release|x64.Build.0 = Release|Any CPU
		{DA54E14E-D0F7-4FE2-AB9F-3678B3A66D2A}.Release|x86.ActiveCfg = Release|Any CPU
		{DA54E14E-D0F7-4FE2-AB9F-3678B3A66D2A}.Release|x86.Build.0 = Release|Any CPU
	EndGlobalSection
	GlobalSection(SolutionProperties) = preSolution
		HideSolutionNode = FALSE
	EndGlobalSection
	GlobalSection(NestedProjects) = preSolution
		{B0000001-0000-0000-0000-000000000001} = {A0000001-0000-0000-0000-000000000001}
		{B0000002-0000-0000-0000-000000000002} = {A0000001-0000-0000-0000-000000000001}
		{B0000004-0000-0000-0000-000000000004} = {A0000001-0000-0000-0000-000000000001}
		{B0000005-0000-0000-0000-000000000005} = {A0000001-0000-0000-0000-000000000001}
		{B0000006-0000-0000-0000-000000000006} = {A0000001-0000-0000-0000-000000000001}
		{C0000001-0000-0000-0000-000000000001} = {A0000002-0000-0000-0000-000000000002}
		{C0000002-0000-0000-0000-000000000002} = {A0000002-0000-0000-0000-000000000002}
		{C0000003-0000-0000-0000-000000000003} = {A0000002-0000-0000-0000-000000000002}
		{7C820182-FFCA-3F91-5563-44217A2D0CA9} = {07C2787E-EAC7-C090-1BA3-A61EC2A24D84}
		{2A7C28C7-7D96-4757-BEF0-91C8A53BF1C4} = {7C820182-FFCA-3F91-5563-44217A2D0CA9}
		{0122D792-5D10-45CE-9825-B7E6B7D497A6} = {07C2787E-EAC7-C090-1BA3-A61EC2A24D84}
		{9C5FC4A0-7B71-4280-A582-22659178B46B} = {07C2787E-EAC7-C090-1BA3-A61EC2A24D84}
		{C077862F-4AF0-49E7-AA7A-F9366C70C439} = {A0000001-0000-0000-0000-000000000001}
		{12EF1F09-8927-41C6-B61C-A80FF3EE6748} = {A0000001-0000-0000-0000-000000000001}
		{45DFFF31-9D6D-4FEC-9FDE-A8951EFFC69B} = {B36A84DF-456D-A817-6EDD-3EC3E7F6E11F}
		{D9752178-C7D2-41B9-AE9F-26622E094513} = {B36A84DF-456D-A817-6EDD-3EC3E7F6E11F}
		{2C75BB0F-D373-48FC-953A-A8CAE8A49FCE} = {B36A84DF-456D-A817-6EDD-3EC3E7F6E11F}
		{75749DDB-2BF1-4E3D-B3C9-BED613A2A926} = {B36A84DF-456D-A817-6EDD-3EC3E7F6E11F}
		{807ADD4D-6A6F-470C-A8B1-4F42B28843BA} = {B36A84DF-456D-A817-6EDD-3EC3E7F6E11F}
		{4B4A554C-E79E-4054-A94E-F1FA1AB6A48F} = {B36A84DF-456D-A817-6EDD-3EC3E7F6E11F}
		{D60E231E-B77F-4597-B029-667513394462} = {B36A84DF-456D-A817-6EDD-3EC3E7F6E11F}
		{BF78E6AE-B0E9-4149-99EA-8CF8684E65B6} = {B36A84DF-456D-A817-6EDD-3EC3E7F6E11F}
		{9C0E8FF2-6E57-4D59-BB99-3D97E8005DBA} = {B36A84DF-456D-A817-6EDD-3EC3E7F6E11F}
		{721009A3-0F16-497F-B8E2-CD719E1084C1} = {B36A84DF-456D-A817-6EDD-3EC3E7F6E11F}
		{FEA985B0-CF2F-4BC8-8819-9F2FA587CA73} = {B36A84DF-456D-A817-6EDD-3EC3E7F6E11F}
		{C5B85860-6A3D-4A51-8682-AA056F78ACC2} = {B36A84DF-456D-A817-6EDD-3EC3E7F6E11F}
		{6BAE4D46-1A05-4233-A5FD-DDF4D0AAE6B1} = {B36A84DF-456D-A817-6EDD-3EC3E7F6E11F}
		{EEA9D273-0142-4313-9877-1494BDB9E90B} = {B36A84DF-456D-A817-6EDD-3EC3E7F6E11F}
		{F04E686C-F82A-424C-B2A0-8C4C6924E376} = {B36A84DF-456D-A817-6EDD-3EC3E7F6E11F}
		{FD4E11DD-0344-4680-AEA4-4143D0FCEC5E} = {B36A84DF-456D-A817-6EDD-3EC3E7F6E11F}
		{F80135DB-127D-4C5F-8681-2CE34F31BD3D} = {B36A84DF-456D-A817-6EDD-3EC3E7F6E11F}
		{458083DD-DFEE-4B87-BE59-4F294DADF758} = {B36A84DF-456D-A817-6EDD-3EC3E7F6E11F}
		{380927EC-AFE9-4836-8986-9F287CBB7233} = {B36A84DF-456D-A817-6EDD-3EC3E7F6E11F}
		{B782841C-20AF-4F4A-9A8A-DB810BD2D4F5} = {B36A84DF-456D-A817-6EDD-3EC3E7F6E11F}
		{0911B007-2E7B-4662-B360-61DDCB72D88F} = {B36A84DF-456D-A817-6EDD-3EC3E7F6E11F}
		{DE93F799-DB3C-40AF-A4F5-941D9F660862} = {A0000002-0000-0000-0000-000000000002}
		{49F30479-B4A8-486F-A217-9974A535801A} = {A0000002-0000-0000-0000-000000000002}
		{BEF2A91A-DEB7-4D8A-8BA3-DD7B805F14D3} = {A0000002-0000-0000-0000-000000000002}
		{7360B7D6-9E96-4CCB-91F6-3186F3186479} = {A0000002-0000-0000-0000-000000000002}
		{5B79BDC4-E295-4287-9722-4890B3D15146} = {A0000001-0000-0000-0000-000000000001}
		{E1EB96CA-0543-420C-9EA2-91C727775BD1} = {A0000001-0000-0000-0000-000000000001}
		{D4F2985A-C107-474B-BEB8-CCFA98454588} = {A0000001-0000-0000-0000-000000000001}
		{DA54E14E-D0F7-4FE2-AB9F-3678B3A66D2A} = {B36A84DF-456D-A817-6EDD-3EC3E7F6E11F}
	EndGlobalSection
EndGlobal
